// !$*UTF8*$!
{
	archiveVersion = 1;
	classes = {
	};
	objectVersion = 56;
	objects = {

/* Begin PBXBuildFile section */
		FC622E322B5AF5C700367BDD /* SpotMultitool2App.swift in Sources */ = {isa = PBXBuildFile; fileRef = FC622E312B5AF5C700367BDD /* SpotMultitool2App.swift */; };
		FC622E342B5AF5C700367BDD /* ContentView.swift in Sources */ = {isa = PBXBuildFile; fileRef = FC622E332B5AF5C700367BDD /* ContentView.swift */; };
		FC622E362B5AF5C800367BDD /* Assets.xcassets in Resources */ = {isa = PBXBuildFile; fileRef = FC622E352B5AF5C800367BDD /* Assets.xcassets */; };
		FC622E392B5AF5C800367BDD /* Preview Assets.xcassets in Resources */ = {isa = PBXBuildFile; fileRef = FC622E382B5AF5C800367BDD /* Preview Assets.xcassets */; };
		FC622E432B5AF5C800367BDD /* SpotMultitool2Tests.swift in Sources */ = {isa = PBXBuildFile; fileRef = FC622E422B5AF5C800367BDD /* SpotMultitool2Tests.swift */; };
		FC622E4D2B5AF5C800367BDD /* SpotMultitool2UITests.swift in Sources */ = {isa = PBXBuildFile; fileRef = FC622E4C2B5AF5C800367BDD /* SpotMultitool2UITests.swift */; };
		FC622E4F2B5AF5C800367BDD /* SpotMultitool2UITestsLaunchTests.swift in Sources */ = {isa = PBXBuildFile; fileRef = FC622E4E2B5AF5C800367BDD /* SpotMultitool2UITestsLaunchTests.swift */; };
		FC622E552B5AF5C900367BDD /* SpotMultitool2 Watch App.app in Embed Watch Content */ = {isa = PBXBuildFile; fileRef = FC622E542B5AF5C900367BDD /* SpotMultitool2 Watch App.app */; settings = {ATTRIBUTES = (RemoveHeadersOnCopy, ); }; };
		FC622E5A2B5AF5C900367BDD /* SpotMultitool2App.swift in Sources */ = {isa = PBXBuildFile; fileRef = FC622E592B5AF5C900367BDD /* SpotMultitool2App.swift */; };
		FC622E5C2B5AF5C900367BDD /* ContentView.swift in Sources */ = {isa = PBXBuildFile; fileRef = FC622E5B2B5AF5C900367BDD /* ContentView.swift */; };
		FC622E5E2B5AF5C900367BDD /* Assets.xcassets in Resources */ = {isa = PBXBuildFile; fileRef = FC622E5D2B5AF5C900367BDD /* Assets.xcassets */; };
		FC622E612B5AF5C900367BDD /* Preview Assets.xcassets in Resources */ = {isa = PBXBuildFile; fileRef = FC622E602B5AF5C900367BDD /* Preview Assets.xcassets */; };
		FC622E6B2B5AF5C900367BDD /* SpotMultitool2_Watch_AppTests.swift in Sources */ = {isa = PBXBuildFile; fileRef = FC622E6A2B5AF5C900367BDD /* SpotMultitool2_Watch_AppTests.swift */; };
		FC622E752B5AF5C900367BDD /* SpotMultitool2_Watch_AppUITests.swift in Sources */ = {isa = PBXBuildFile; fileRef = FC622E742B5AF5C900367BDD /* SpotMultitool2_Watch_AppUITests.swift */; };
		FC622E772B5AF5C900367BDD /* SpotMultitool2_Watch_AppUITestsLaunchTests.swift in Sources */ = {isa = PBXBuildFile; fileRef = FC622E762B5AF5C900367BDD /* SpotMultitool2_Watch_AppUITestsLaunchTests.swift */; };
/* End PBXBuildFile section */

/* Begin PBXContainerItemProxy section */
		FC622E3F2B5AF5C800367BDD /* PBXContainerItemProxy */ = {
			isa = PBXContainerItemProxy;
			containerPortal = FC622E262B5AF5C700367BDD /* Project object */;
			proxyType = 1;
			remoteGlobalIDString = FC622E2D2B5AF5C700367BDD;
			remoteInfo = SpotMultitool2;
		};
		FC622E492B5AF5C800367BDD /* PBXContainerItemProxy */ = {
			isa = PBXContainerItemProxy;
			containerPortal = FC622E262B5AF5C700367BDD /* Project object */;
			proxyType = 1;
			remoteGlobalIDString = FC622E2D2B5AF5C700367BDD;
			remoteInfo = SpotMultitool2;
		};
		FC622E562B5AF5C900367BDD /* PBXContainerItemProxy */ = {
			isa = PBXContainerItemProxy;
			containerPortal = FC622E262B5AF5C700367BDD /* Project object */;
			proxyType = 1;
			remoteGlobalIDString = FC622E532B5AF5C900367BDD;
			remoteInfo = "SpotMultitool2 Watch App";
		};
		FC622E672B5AF5C900367BDD /* PBXContainerItemProxy */ = {
			isa = PBXContainerItemProxy;
			containerPortal = FC622E262B5AF5C700367BDD /* Project object */;
			proxyType = 1;
			remoteGlobalIDString = FC622E532B5AF5C900367BDD;
			remoteInfo = "SpotMultitool2 Watch App";
		};
		FC622E712B5AF5C900367BDD /* PBXContainerItemProxy */ = {
			isa = PBXContainerItemProxy;
			containerPortal = FC622E262B5AF5C700367BDD /* Project object */;
			proxyType = 1;
			remoteGlobalIDString = FC622E532B5AF5C900367BDD;
			remoteInfo = "SpotMultitool2 Watch App";
		};
/* End PBXContainerItemProxy section */

/* Begin PBXCopyFilesBuildPhase section */
		FC622E7D2B5AF5C900367BDD /* Embed Watch Content */ = {
			isa = PBXCopyFilesBuildPhase;
			buildActionMask = 2147483647;
			dstPath = "$(CONTENTS_FOLDER_PATH)/Watch";
			dstSubfolderSpec = 16;
			files = (
				FC622E552B5AF5C900367BDD /* SpotMultitool2 Watch App.app in Embed Watch Content */,
			);
			name = "Embed Watch Content";
			runOnlyForDeploymentPostprocessing = 0;
		};
/* End PBXCopyFilesBuildPhase section */

/* Begin PBXFileReference section */
		FC622E2E2B5AF5C700367BDD /* SpotMultitool2.app */ = {isa = PBXFileReference; explicitFileType = wrapper.application; includeInIndex = 0; path = SpotMultitool2.app; sourceTree = BUILT_PRODUCTS_DIR; };
		FC622E312B5AF5C700367BDD /* SpotMultitool2App.swift */ = {isa = PBXFileReference; lastKnownFileType = sourcecode.swift; path = SpotMultitool2App.swift; sourceTree = "<group>"; };
		FC622E332B5AF5C700367BDD /* ContentView.swift */ = {isa = PBXFileReference; lastKnownFileType = sourcecode.swift; path = ContentView.swift; sourceTree = "<group>"; };
		FC622E352B5AF5C800367BDD /* Assets.xcassets */ = {isa = PBXFileReference; lastKnownFileType = folder.assetcatalog; path = Assets.xcassets; sourceTree = "<group>"; };
		FC622E382B5AF5C800367BDD /* Preview Assets.xcassets */ = {isa = PBXFileReference; lastKnownFileType = folder.assetcatalog; path = "Preview Assets.xcassets"; sourceTree = "<group>"; };
		FC622E3E2B5AF5C800367BDD /* SpotMultitool2Tests.xctest */ = {isa = PBXFileReference; explicitFileType = wrapper.cfbundle; includeInIndex = 0; path = SpotMultitool2Tests.xctest; sourceTree = BUILT_PRODUCTS_DIR; };
		FC622E422B5AF5C800367BDD /* SpotMultitool2Tests.swift */ = {isa = PBXFileReference; lastKnownFileType = sourcecode.swift; path = SpotMultitool2Tests.swift; sourceTree = "<group>"; };
		FC622E482B5AF5C800367BDD /* SpotMultitool2UITests.xctest */ = {isa = PBXFileReference; explicitFileType = wrapper.cfbundle; includeInIndex = 0; path = SpotMultitool2UITests.xctest; sourceTree = BUILT_PRODUCTS_DIR; };
		FC622E4C2B5AF5C800367BDD /* SpotMultitool2UITests.swift */ = {isa = PBXFileReference; lastKnownFileType = sourcecode.swift; path = SpotMultitool2UITests.swift; sourceTree = "<group>"; };
		FC622E4E2B5AF5C800367BDD /* SpotMultitool2UITestsLaunchTests.swift */ = {isa = PBXFileReference; lastKnownFileType = sourcecode.swift; path = SpotMultitool2UITestsLaunchTests.swift; sourceTree = "<group>"; };
		FC622E542B5AF5C900367BDD /* SpotMultitool2 Watch App.app */ = {isa = PBXFileReference; explicitFileType = wrapper.application; includeInIndex = 0; path = "SpotMultitool2 Watch App.app"; sourceTree = BUILT_PRODUCTS_DIR; };
		FC622E592B5AF5C900367BDD /* SpotMultitool2App.swift */ = {isa = PBXFileReference; lastKnownFileType = sourcecode.swift; path = SpotMultitool2App.swift; sourceTree = "<group>"; };
		FC622E5B2B5AF5C900367BDD /* ContentView.swift */ = {isa = PBXFileReference; lastKnownFileType = sourcecode.swift; path = ContentView.swift; sourceTree = "<group>"; };
		FC622E5D2B5AF5C900367BDD /* Assets.xcassets */ = {isa = PBXFileReference; lastKnownFileType = folder.assetcatalog; path = Assets.xcassets; sourceTree = "<group>"; };
		FC622E602B5AF5C900367BDD /* Preview Assets.xcassets */ = {isa = PBXFileReference; lastKnownFileType = folder.assetcatalog; path = "Preview Assets.xcassets"; sourceTree = "<group>"; };
		FC622E662B5AF5C900367BDD /* SpotMultitool2 Watch AppTests.xctest */ = {isa = PBXFileReference; explicitFileType = wrapper.cfbundle; includeInIndex = 0; path = "SpotMultitool2 Watch AppTests.xctest"; sourceTree = BUILT_PRODUCTS_DIR; };
		FC622E6A2B5AF5C900367BDD /* SpotMultitool2_Watch_AppTests.swift */ = {isa = PBXFileReference; lastKnownFileType = sourcecode.swift; path = SpotMultitool2_Watch_AppTests.swift; sourceTree = "<group>"; };
		FC622E702B5AF5C900367BDD /* SpotMultitool2 Watch AppUITests.xctest */ = {isa = PBXFileReference; explicitFileType = wrapper.cfbundle; includeInIndex = 0; path = "SpotMultitool2 Watch AppUITests.xctest"; sourceTree = BUILT_PRODUCTS_DIR; };
		FC622E742B5AF5C900367BDD /* SpotMultitool2_Watch_AppUITests.swift */ = {isa = PBXFileReference; lastKnownFileType = sourcecode.swift; path = SpotMultitool2_Watch_AppUITests.swift; sourceTree = "<group>"; };
		FC622E762B5AF5C900367BDD /* SpotMultitool2_Watch_AppUITestsLaunchTests.swift */ = {isa = PBXFileReference; lastKnownFileType = sourcecode.swift; path = SpotMultitool2_Watch_AppUITestsLaunchTests.swift; sourceTree = "<group>"; };
/* End PBXFileReference section */

/* Begin PBXFrameworksBuildPhase section */
		FC622E2B2B5AF5C700367BDD /* Frameworks */ = {
			isa = PBXFrameworksBuildPhase;
			buildActionMask = 2147483647;
			files = (
			);
			runOnlyForDeploymentPostprocessing = 0;
		};
		FC622E3B2B5AF5C800367BDD /* Frameworks */ = {
			isa = PBXFrameworksBuildPhase;
			buildActionMask = 2147483647;
			files = (
			);
			runOnlyForDeploymentPostprocessing = 0;
		};
		FC622E452B5AF5C800367BDD /* Frameworks */ = {
			isa = PBXFrameworksBuildPhase;
			buildActionMask = 2147483647;
			files = (
			);
			runOnlyForDeploymentPostprocessing = 0;
		};
		FC622E512B5AF5C900367BDD /* Frameworks */ = {
			isa = PBXFrameworksBuildPhase;
			buildActionMask = 2147483647;
			files = (
			);
			runOnlyForDeploymentPostprocessing = 0;
		};
		FC622E632B5AF5C900367BDD /* Frameworks */ = {
			isa = PBXFrameworksBuildPhase;
			buildActionMask = 2147483647;
			files = (
			);
			runOnlyForDeploymentPostprocessing = 0;
		};
		FC622E6D2B5AF5C900367BDD /* Frameworks */ = {
			isa = PBXFrameworksBuildPhase;
			buildActionMask = 2147483647;
			files = (
			);
			runOnlyForDeploymentPostprocessing = 0;
		};
/* End PBXFrameworksBuildPhase section */

/* Begin PBXGroup section */
		FC622E252B5AF5C700367BDD = {
			isa = PBXGroup;
			children = (
				FC622E302B5AF5C700367BDD /* SpotMultitool2 */,
				FC622E412B5AF5C800367BDD /* SpotMultitool2Tests */,
				FC622E4B2B5AF5C800367BDD /* SpotMultitool2UITests */,
				FC622E582B5AF5C900367BDD /* SpotMultitool2 Watch App */,
				FC622E692B5AF5C900367BDD /* SpotMultitool2 Watch AppTests */,
				FC622E732B5AF5C900367BDD /* SpotMultitool2 Watch AppUITests */,
				FC622E2F2B5AF5C700367BDD /* Products */,
			);
			sourceTree = "<group>";
		};
		FC622E2F2B5AF5C700367BDD /* Products */ = {
			isa = PBXGroup;
			children = (
				FC622E2E2B5AF5C700367BDD /* SpotMultitool2.app */,
				FC622E3E2B5AF5C800367BDD /* SpotMultitool2Tests.xctest */,
				FC622E482B5AF5C800367BDD /* SpotMultitool2UITests.xctest */,
				FC622E542B5AF5C900367BDD /* SpotMultitool2 Watch App.app */,
				FC622E662B5AF5C900367BDD /* SpotMultitool2 Watch AppTests.xctest */,
				FC622E702B5AF5C900367BDD /* SpotMultitool2 Watch AppUITests.xctest */,
			);
			name = Products;
			sourceTree = "<group>";
		};
		FC622E302B5AF5C700367BDD /* SpotMultitool2 */ = {
			isa = PBXGroup;
			children = (
				FC622E312B5AF5C700367BDD /* SpotMultitool2App.swift */,
				FC622E332B5AF5C700367BDD /* ContentView.swift */,
				FC622E352B5AF5C800367BDD /* Assets.xcassets */,
				FC622E372B5AF5C800367BDD /* Preview Content */,
			);
			path = SpotMultitool2;
			sourceTree = "<group>";
		};
		FC622E372B5AF5C800367BDD /* Preview Content */ = {
			isa = PBXGroup;
			children = (
				FC622E382B5AF5C800367BDD /* Preview Assets.xcassets */,
			);
			path = "Preview Content";
			sourceTree = "<group>";
		};
		FC622E412B5AF5C800367BDD /* SpotMultitool2Tests */ = {
			isa = PBXGroup;
			children = (
				FC622E422B5AF5C800367BDD /* SpotMultitool2Tests.swift */,
			);
			path = SpotMultitool2Tests;
			sourceTree = "<group>";
		};
		FC622E4B2B5AF5C800367BDD /* SpotMultitool2UITests */ = {
			isa = PBXGroup;
			children = (
				FC622E4C2B5AF5C800367BDD /* SpotMultitool2UITests.swift */,
				FC622E4E2B5AF5C800367BDD /* SpotMultitool2UITestsLaunchTests.swift */,
			);
			path = SpotMultitool2UITests;
			sourceTree = "<group>";
		};
		FC622E582B5AF5C900367BDD /* SpotMultitool2 Watch App */ = {
			isa = PBXGroup;
			children = (
				FC622E592B5AF5C900367BDD /* SpotMultitool2App.swift */,
				FC622E5B2B5AF5C900367BDD /* ContentView.swift */,
				FC622E5D2B5AF5C900367BDD /* Assets.xcassets */,
				FC622E5F2B5AF5C900367BDD /* Preview Content */,
			);
			path = "SpotMultitool2 Watch App";
			sourceTree = "<group>";
		};
		FC622E5F2B5AF5C900367BDD /* Preview Content */ = {
			isa = PBXGroup;
			children = (
				FC622E602B5AF5C900367BDD /* Preview Assets.xcassets */,
			);
			path = "Preview Content";
			sourceTree = "<group>";
		};
		FC622E692B5AF5C900367BDD /* SpotMultitool2 Watch AppTests */ = {
			isa = PBXGroup;
			children = (
				FC622E6A2B5AF5C900367BDD /* SpotMultitool2_Watch_AppTests.swift */,
			);
			path = "SpotMultitool2 Watch AppTests";
			sourceTree = "<group>";
		};
		FC622E732B5AF5C900367BDD /* SpotMultitool2 Watch AppUITests */ = {
			isa = PBXGroup;
			children = (
				FC622E742B5AF5C900367BDD /* SpotMultitool2_Watch_AppUITests.swift */,
				FC622E762B5AF5C900367BDD /* SpotMultitool2_Watch_AppUITestsLaunchTests.swift */,
			);
			path = "SpotMultitool2 Watch AppUITests";
			sourceTree = "<group>";
		};
/* End PBXGroup section */

/* Begin PBXNativeTarget section */
		FC622E2D2B5AF5C700367BDD /* SpotMultitool2 */ = {
			isa = PBXNativeTarget;
			buildConfigurationList = FC622E7E2B5AF5C900367BDD /* Build configuration list for PBXNativeTarget "SpotMultitool2" */;
			buildPhases = (
				FC622E2A2B5AF5C700367BDD /* Sources */,
				FC622E2B2B5AF5C700367BDD /* Frameworks */,
				FC622E2C2B5AF5C700367BDD /* Resources */,
				FC622E7D2B5AF5C900367BDD /* Embed Watch Content */,
			);
			buildRules = (
			);
			dependencies = (
				FC622E572B5AF5C900367BDD /* PBXTargetDependency */,
			);
			name = SpotMultitool2;
			productName = SpotMultitool2;
			productReference = FC622E2E2B5AF5C700367BDD /* SpotMultitool2.app */;
			productType = "com.apple.product-type.application";
		};
		FC622E3D2B5AF5C800367BDD /* SpotMultitool2Tests */ = {
			isa = PBXNativeTarget;
			buildConfigurationList = FC622E812B5AF5C900367BDD /* Build configuration list for PBXNativeTarget "SpotMultitool2Tests" */;
			buildPhases = (
				FC622E3A2B5AF5C800367BDD /* Sources */,
				FC622E3B2B5AF5C800367BDD /* Frameworks */,
				FC622E3C2B5AF5C800367BDD /* Resources */,
			);
			buildRules = (
			);
			dependencies = (
				FC622E402B5AF5C800367BDD /* PBXTargetDependency */,
			);
			name = SpotMultitool2Tests;
			productName = SpotMultitool2Tests;
			productReference = FC622E3E2B5AF5C800367BDD /* SpotMultitool2Tests.xctest */;
			productType = "com.apple.product-type.bundle.unit-test";
		};
		FC622E472B5AF5C800367BDD /* SpotMultitool2UITests */ = {
			isa = PBXNativeTarget;
			buildConfigurationList = FC622E842B5AF5C900367BDD /* Build configuration list for PBXNativeTarget "SpotMultitool2UITests" */;
			buildPhases = (
				FC622E442B5AF5C800367BDD /* Sources */,
				FC622E452B5AF5C800367BDD /* Frameworks */,
				FC622E462B5AF5C800367BDD /* Resources */,
			);
			buildRules = (
			);
			dependencies = (
				FC622E4A2B5AF5C800367BDD /* PBXTargetDependency */,
			);
			name = SpotMultitool2UITests;
			productName = SpotMultitool2UITests;
			productReference = FC622E482B5AF5C800367BDD /* SpotMultitool2UITests.xctest */;
			productType = "com.apple.product-type.bundle.ui-testing";
		};
		FC622E532B5AF5C900367BDD /* SpotMultitool2 Watch App */ = {
			isa = PBXNativeTarget;
			buildConfigurationList = FC622E7A2B5AF5C900367BDD /* Build configuration list for PBXNativeTarget "SpotMultitool2 Watch App" */;
			buildPhases = (
				FC622E502B5AF5C900367BDD /* Sources */,
				FC622E512B5AF5C900367BDD /* Frameworks */,
				FC622E522B5AF5C900367BDD /* Resources */,
			);
			buildRules = (
			);
			dependencies = (
			);
			name = "SpotMultitool2 Watch App";
			productName = "SpotMultitool2 Watch App";
			productReference = FC622E542B5AF5C900367BDD /* SpotMultitool2 Watch App.app */;
			productType = "com.apple.product-type.application";
		};
		FC622E652B5AF5C900367BDD /* SpotMultitool2 Watch AppTests */ = {
			isa = PBXNativeTarget;
			buildConfigurationList = FC622E872B5AF5C900367BDD /* Build configuration list for PBXNativeTarget "SpotMultitool2 Watch AppTests" */;
			buildPhases = (
				FC622E622B5AF5C900367BDD /* Sources */,
				FC622E632B5AF5C900367BDD /* Frameworks */,
				FC622E642B5AF5C900367BDD /* Resources */,
			);
			buildRules = (
			);
			dependencies = (
				FC622E682B5AF5C900367BDD /* PBXTargetDependency */,
			);
			name = "SpotMultitool2 Watch AppTests";
			productName = "SpotMultitool2 Watch AppTests";
			productReference = FC622E662B5AF5C900367BDD /* SpotMultitool2 Watch AppTests.xctest */;
			productType = "com.apple.product-type.bundle.unit-test";
		};
		FC622E6F2B5AF5C900367BDD /* SpotMultitool2 Watch AppUITests */ = {
			isa = PBXNativeTarget;
			buildConfigurationList = FC622E8A2B5AF5C900367BDD /* Build configuration list for PBXNativeTarget "SpotMultitool2 Watch AppUITests" */;
			buildPhases = (
				FC622E6C2B5AF5C900367BDD /* Sources */,
				FC622E6D2B5AF5C900367BDD /* Frameworks */,
				FC622E6E2B5AF5C900367BDD /* Resources */,
			);
			buildRules = (
			);
			dependencies = (
				FC622E722B5AF5C900367BDD /* PBXTargetDependency */,
			);
			name = "SpotMultitool2 Watch AppUITests";
			productName = "SpotMultitool2 Watch AppUITests";
			productReference = FC622E702B5AF5C900367BDD /* SpotMultitool2 Watch AppUITests.xctest */;
			productType = "com.apple.product-type.bundle.ui-testing";
		};
/* End PBXNativeTarget section */

/* Begin PBXProject section */
		FC622E262B5AF5C700367BDD /* Project object */ = {
			isa = PBXProject;
			attributes = {
				BuildIndependentTargetsInParallel = 1;
				LastSwiftUpdateCheck = 1520;
				LastUpgradeCheck = 1520;
				TargetAttributes = {
					FC622E2D2B5AF5C700367BDD = {
						CreatedOnToolsVersion = 15.2;
					};
					FC622E3D2B5AF5C800367BDD = {
						CreatedOnToolsVersion = 15.2;
						TestTargetID = FC622E2D2B5AF5C700367BDD;
					};
					FC622E472B5AF5C800367BDD = {
						CreatedOnToolsVersion = 15.2;
						TestTargetID = FC622E2D2B5AF5C700367BDD;
					};
					FC622E532B5AF5C900367BDD = {
						CreatedOnToolsVersion = 15.2;
					};
					FC622E652B5AF5C900367BDD = {
						CreatedOnToolsVersion = 15.2;
						TestTargetID = FC622E532B5AF5C900367BDD;
					};
					FC622E6F2B5AF5C900367BDD = {
						CreatedOnToolsVersion = 15.2;
						TestTargetID = FC622E532B5AF5C900367BDD;
					};
				};
			};
			buildConfigurationList = FC622E292B5AF5C700367BDD /* Build configuration list for PBXProject "SpotMultitool2" */;
			compatibilityVersion = "Xcode 14.0";
			developmentRegion = en;
			hasScannedForEncodings = 0;
			knownRegions = (
				en,
				Base,
			);
			mainGroup = FC622E252B5AF5C700367BDD;
			productRefGroup = FC622E2F2B5AF5C700367BDD /* Products */;
			projectDirPath = "";
			projectRoot = "";
			targets = (
				FC622E2D2B5AF5C700367BDD /* SpotMultitool2 */,
				FC622E3D2B5AF5C800367BDD /* SpotMultitool2Tests */,
				FC622E472B5AF5C800367BDD /* SpotMultitool2UITests */,
				FC622E532B5AF5C900367BDD /* SpotMultitool2 Watch App */,
				FC622E652B5AF5C900367BDD /* SpotMultitool2 Watch AppTests */,
				FC622E6F2B5AF5C900367BDD /* SpotMultitool2 Watch AppUITests */,
			);
		};
/* End PBXProject section */

/* Begin PBXResourcesBuildPhase section */
		FC622E2C2B5AF5C700367BDD /* Resources */ = {
			isa = PBXResourcesBuildPhase;
			buildActionMask = 2147483647;
			files = (
				FC622E392B5AF5C800367BDD /* Preview Assets.xcassets in Resources */,
				FC622E362B5AF5C800367BDD /* Assets.xcassets in Resources */,
			);
			runOnlyForDeploymentPostprocessing = 0;
		};
		FC622E3C2B5AF5C800367BDD /* Resources */ = {
			isa = PBXResourcesBuildPhase;
			buildActionMask = 2147483647;
			files = (
			);
			runOnlyForDeploymentPostprocessing = 0;
		};
		FC622E462B5AF5C800367BDD /* Resources */ = {
			isa = PBXResourcesBuildPhase;
			buildActionMask = 2147483647;
			files = (
			);
			runOnlyForDeploymentPostprocessing = 0;
		};
		FC622E522B5AF5C900367BDD /* Resources */ = {
			isa = PBXResourcesBuildPhase;
			buildActionMask = 2147483647;
			files = (
				FC622E612B5AF5C900367BDD /* Preview Assets.xcassets in Resources */,
				FC622E5E2B5AF5C900367BDD /* Assets.xcassets in Resources */,
			);
			runOnlyForDeploymentPostprocessing = 0;
		};
		FC622E642B5AF5C900367BDD /* Resources */ = {
			isa = PBXResourcesBuildPhase;
			buildActionMask = 2147483647;
			files = (
			);
			runOnlyForDeploymentPostprocessing = 0;
		};
		FC622E6E2B5AF5C900367BDD /* Resources */ = {
			isa = PBXResourcesBuildPhase;
			buildActionMask = 2147483647;
			files = (
			);
			runOnlyForDeploymentPostprocessing = 0;
		};
/* End PBXResourcesBuildPhase section */

/* Begin PBXSourcesBuildPhase section */
		FC622E2A2B5AF5C700367BDD /* Sources */ = {
			isa = PBXSourcesBuildPhase;
			buildActionMask = 2147483647;
			files = (
				FC622E342B5AF5C700367BDD /* ContentView.swift in Sources */,
				FC622E322B5AF5C700367BDD /* SpotMultitool2App.swift in Sources */,
			);
			runOnlyForDeploymentPostprocessing = 0;
		};
		FC622E3A2B5AF5C800367BDD /* Sources */ = {
			isa = PBXSourcesBuildPhase;
			buildActionMask = 2147483647;
			files = (
				FC622E432B5AF5C800367BDD /* SpotMultitool2Tests.swift in Sources */,
			);
			runOnlyForDeploymentPostprocessing = 0;
		};
		FC622E442B5AF5C800367BDD /* Sources */ = {
			isa = PBXSourcesBuildPhase;
			buildActionMask = 2147483647;
			files = (
				FC622E4D2B5AF5C800367BDD /* SpotMultitool2UITests.swift in Sources */,
				FC622E4F2B5AF5C800367BDD /* SpotMultitool2UITestsLaunchTests.swift in Sources */,
			);
			runOnlyForDeploymentPostprocessing = 0;
		};
		FC622E502B5AF5C900367BDD /* Sources */ = {
			isa = PBXSourcesBuildPhase;
			buildActionMask = 2147483647;
			files = (
				FC622E5C2B5AF5C900367BDD /* ContentView.swift in Sources */,
				FC622E5A2B5AF5C900367BDD /* SpotMultitool2App.swift in Sources */,
			);
			runOnlyForDeploymentPostprocessing = 0;
		};
		FC622E622B5AF5C900367BDD /* Sources */ = {
			isa = PBXSourcesBuildPhase;
			buildActionMask = 2147483647;
			files = (
				FC622E6B2B5AF5C900367BDD /* SpotMultitool2_Watch_AppTests.swift in Sources */,
			);
			runOnlyForDeploymentPostprocessing = 0;
		};
		FC622E6C2B5AF5C900367BDD /* Sources */ = {
			isa = PBXSourcesBuildPhase;
			buildActionMask = 2147483647;
			files = (
				FC622E752B5AF5C900367BDD /* SpotMultitool2_Watch_AppUITests.swift in Sources */,
				FC622E772B5AF5C900367BDD /* SpotMultitool2_Watch_AppUITestsLaunchTests.swift in Sources */,
			);
			runOnlyForDeploymentPostprocessing = 0;
		};
/* End PBXSourcesBuildPhase section */

/* Begin PBXTargetDependency section */
		FC622E402B5AF5C800367BDD /* PBXTargetDependency */ = {
			isa = PBXTargetDependency;
			target = FC622E2D2B5AF5C700367BDD /* SpotMultitool2 */;
			targetProxy = FC622E3F2B5AF5C800367BDD /* PBXContainerItemProxy */;
		};
		FC622E4A2B5AF5C800367BDD /* PBXTargetDependency */ = {
			isa = PBXTargetDependency;
			target = FC622E2D2B5AF5C700367BDD /* SpotMultitool2 */;
			targetProxy = FC622E492B5AF5C800367BDD /* PBXContainerItemProxy */;
		};
		FC622E572B5AF5C900367BDD /* PBXTargetDependency */ = {
			isa = PBXTargetDependency;
			target = FC622E532B5AF5C900367BDD /* SpotMultitool2 Watch App */;
			targetProxy = FC622E562B5AF5C900367BDD /* PBXContainerItemProxy */;
		};
		FC622E682B5AF5C900367BDD /* PBXTargetDependency */ = {
			isa = PBXTargetDependency;
			target = FC622E532B5AF5C900367BDD /* SpotMultitool2 Watch App */;
			targetProxy = FC622E672B5AF5C900367BDD /* PBXContainerItemProxy */;
		};
		FC622E722B5AF5C900367BDD /* PBXTargetDependency */ = {
			isa = PBXTargetDependency;
			target = FC622E532B5AF5C900367BDD /* SpotMultitool2 Watch App */;
			targetProxy = FC622E712B5AF5C900367BDD /* PBXContainerItemProxy */;
		};
/* End PBXTargetDependency section */

/* Begin XCBuildConfiguration section */
		FC622E782B5AF5C900367BDD /* Debug */ = {
			isa = XCBuildConfiguration;
			buildSettings = {
				ALWAYS_SEARCH_USER_PATHS = NO;
				ASSETCATALOG_COMPILER_GENERATE_SWIFT_ASSET_SYMBOL_EXTENSIONS = YES;
				CLANG_ANALYZER_NONNULL = YES;
				CLANG_ANALYZER_NUMBER_OBJECT_CONVERSION = YES_AGGRESSIVE;
				CLANG_CXX_LANGUAGE_STANDARD = "gnu++20";
				CLANG_ENABLE_MODULES = YES;
				CLANG_ENABLE_OBJC_ARC = YES;
				CLANG_ENABLE_OBJC_WEAK = YES;
				CLANG_WARN_BLOCK_CAPTURE_AUTORELEASING = YES;
				CLANG_WARN_BOOL_CONVERSION = YES;
				CLANG_WARN_COMMA = YES;
				CLANG_WARN_CONSTANT_CONVERSION = YES;
				CLANG_WARN_DEPRECATED_OBJC_IMPLEMENTATIONS = YES;
				CLANG_WARN_DIRECT_OBJC_ISA_USAGE = YES_ERROR;
				CLANG_WARN_DOCUMENTATION_COMMENTS = YES;
				CLANG_WARN_EMPTY_BODY = YES;
				CLANG_WARN_ENUM_CONVERSION = YES;
				CLANG_WARN_INFINITE_RECURSION = YES;
				CLANG_WARN_INT_CONVERSION = YES;
				CLANG_WARN_NON_LITERAL_NULL_CONVERSION = YES;
				CLANG_WARN_OBJC_IMPLICIT_RETAIN_SELF = YES;
				CLANG_WARN_OBJC_LITERAL_CONVERSION = YES;
				CLANG_WARN_OBJC_ROOT_CLASS = YES_ERROR;
				CLANG_WARN_QUOTED_INCLUDE_IN_FRAMEWORK_HEADER = YES;
				CLANG_WARN_RANGE_LOOP_ANALYSIS = YES;
				CLANG_WARN_STRICT_PROTOTYPES = YES;
				CLANG_WARN_SUSPICIOUS_MOVE = YES;
				CLANG_WARN_UNGUARDED_AVAILABILITY = YES_AGGRESSIVE;
				CLANG_WARN_UNREACHABLE_CODE = YES;
				CLANG_WARN__DUPLICATE_METHOD_MATCH = YES;
				COPY_PHASE_STRIP = NO;
				DEBUG_INFORMATION_FORMAT = dwarf;
				ENABLE_STRICT_OBJC_MSGSEND = YES;
				ENABLE_TESTABILITY = YES;
				ENABLE_USER_SCRIPT_SANDBOXING = YES;
				GCC_C_LANGUAGE_STANDARD = gnu17;
				GCC_DYNAMIC_NO_PIC = NO;
				GCC_NO_COMMON_BLOCKS = YES;
				GCC_OPTIMIZATION_LEVEL = 0;
				GCC_PREPROCESSOR_DEFINITIONS = (
					"DEBUG=1",
					"$(inherited)",
				);
				GCC_WARN_64_TO_32_BIT_CONVERSION = YES;
				GCC_WARN_ABOUT_RETURN_TYPE = YES_ERROR;
				GCC_WARN_UNDECLARED_SELECTOR = YES;
				GCC_WARN_UNINITIALIZED_AUTOS = YES_AGGRESSIVE;
				GCC_WARN_UNUSED_FUNCTION = YES;
				GCC_WARN_UNUSED_VARIABLE = YES;
				LOCALIZATION_PREFERS_STRING_CATALOGS = YES;
				MTL_ENABLE_DEBUG_INFO = INCLUDE_SOURCE;
				MTL_FAST_MATH = YES;
				ONLY_ACTIVE_ARCH = YES;
				SWIFT_ACTIVE_COMPILATION_CONDITIONS = "DEBUG $(inherited)";
				SWIFT_OPTIMIZATION_LEVEL = "-Onone";
			};
			name = Debug;
		};
		FC622E792B5AF5C900367BDD /* Release */ = {
			isa = XCBuildConfiguration;
			buildSettings = {
				ALWAYS_SEARCH_USER_PATHS = NO;
				ASSETCATALOG_COMPILER_GENERATE_SWIFT_ASSET_SYMBOL_EXTENSIONS = YES;
				CLANG_ANALYZER_NONNULL = YES;
				CLANG_ANALYZER_NUMBER_OBJECT_CONVERSION = YES_AGGRESSIVE;
				CLANG_CXX_LANGUAGE_STANDARD = "gnu++20";
				CLANG_ENABLE_MODULES = YES;
				CLANG_ENABLE_OBJC_ARC = YES;
				CLANG_ENABLE_OBJC_WEAK = YES;
				CLANG_WARN_BLOCK_CAPTURE_AUTORELEASING = YES;
				CLANG_WARN_BOOL_CONVERSION = YES;
				CLANG_WARN_COMMA = YES;
				CLANG_WARN_CONSTANT_CONVERSION = YES;
				CLANG_WARN_DEPRECATED_OBJC_IMPLEMENTATIONS = YES;
				CLANG_WARN_DIRECT_OBJC_ISA_USAGE = YES_ERROR;
				CLANG_WARN_DOCUMENTATION_COMMENTS = YES;
				CLANG_WARN_EMPTY_BODY = YES;
				CLANG_WARN_ENUM_CONVERSION = YES;
				CLANG_WARN_INFINITE_RECURSION = YES;
				CLANG_WARN_INT_CONVERSION = YES;
				CLANG_WARN_NON_LITERAL_NULL_CONVERSION = YES;
				CLANG_WARN_OBJC_IMPLICIT_RETAIN_SELF = YES;
				CLANG_WARN_OBJC_LITERAL_CONVERSION = YES;
				CLANG_WARN_OBJC_ROOT_CLASS = YES_ERROR;
				CLANG_WARN_QUOTED_INCLUDE_IN_FRAMEWORK_HEADER = YES;
				CLANG_WARN_RANGE_LOOP_ANALYSIS = YES;
				CLANG_WARN_STRICT_PROTOTYPES = YES;
				CLANG_WARN_SUSPICIOUS_MOVE = YES;
				CLANG_WARN_UNGUARDED_AVAILABILITY = YES_AGGRESSIVE;
				CLANG_WARN_UNREACHABLE_CODE = YES;
				CLANG_WARN__DUPLICATE_METHOD_MATCH = YES;
				COPY_PHASE_STRIP = NO;
				DEBUG_INFORMATION_FORMAT = "dwarf-with-dsym";
				ENABLE_NS_ASSERTIONS = NO;
				ENABLE_STRICT_OBJC_MSGSEND = YES;
				ENABLE_USER_SCRIPT_SANDBOXING = YES;
				GCC_C_LANGUAGE_STANDARD = gnu17;
				GCC_NO_COMMON_BLOCKS = YES;
				GCC_WARN_64_TO_32_BIT_CONVERSION = YES;
				GCC_WARN_ABOUT_RETURN_TYPE = YES_ERROR;
				GCC_WARN_UNDECLARED_SELECTOR = YES;
				GCC_WARN_UNINITIALIZED_AUTOS = YES_AGGRESSIVE;
				GCC_WARN_UNUSED_FUNCTION = YES;
				GCC_WARN_UNUSED_VARIABLE = YES;
				LOCALIZATION_PREFERS_STRING_CATALOGS = YES;
				MTL_ENABLE_DEBUG_INFO = NO;
				MTL_FAST_MATH = YES;
				SWIFT_COMPILATION_MODE = wholemodule;
			};
			name = Release;
		};
		FC622E7B2B5AF5C900367BDD /* Debug */ = {
			isa = XCBuildConfiguration;
			buildSettings = {
				ASSETCATALOG_COMPILER_APPICON_NAME = AppIcon;
				ASSETCATALOG_COMPILER_GLOBAL_ACCENT_COLOR_NAME = AccentColor;
				CODE_SIGN_STYLE = Automatic;
				CURRENT_PROJECT_VERSION = 1;
				DEVELOPMENT_ASSET_PATHS = "\"SpotMultitool2 Watch App/Preview Content\"";
				DEVELOPMENT_TEAM = W5Y3B689NM;
				ENABLE_PREVIEWS = YES;
				GENERATE_INFOPLIST_FILE = YES;
				INFOPLIST_KEY_CFBundleDisplayName = SpotMultitool2;
				INFOPLIST_KEY_UISupportedInterfaceOrientations = "UIInterfaceOrientationPortrait UIInterfaceOrientationPortraitUpsideDown";
				INFOPLIST_KEY_WKCompanionAppBundleIdentifier = Minotaur.SpotMultitool2;
				LD_RUNPATH_SEARCH_PATHS = (
					"$(inherited)",
					"@executable_path/Frameworks",
				);
				MARKETING_VERSION = 1.0;
				PRODUCT_BUNDLE_IDENTIFIER = Minotaur.SpotMultitool2.watchkitapp;
				PRODUCT_NAME = "$(TARGET_NAME)";
				SDKROOT = watchos;
				SKIP_INSTALL = YES;
				SWIFT_EMIT_LOC_STRINGS = YES;
				SWIFT_VERSION = 5.0;
				TARGETED_DEVICE_FAMILY = 4;
				WATCHOS_DEPLOYMENT_TARGET = 10.2;
			};
			name = Debug;
		};
		FC622E7C2B5AF5C900367BDD /* Release */ = {
			isa = XCBuildConfiguration;
			buildSettings = {
				ASSETCATALOG_COMPILER_APPICON_NAME = AppIcon;
				ASSETCATALOG_COMPILER_GLOBAL_ACCENT_COLOR_NAME = AccentColor;
				CODE_SIGN_STYLE = Automatic;
				CURRENT_PROJECT_VERSION = 1;
				DEVELOPMENT_ASSET_PATHS = "\"SpotMultitool2 Watch App/Preview Content\"";
				DEVELOPMENT_TEAM = W5Y3B689NM;
				ENABLE_PREVIEWS = YES;
				GENERATE_INFOPLIST_FILE = YES;
				INFOPLIST_KEY_CFBundleDisplayName = SpotMultitool2;
				INFOPLIST_KEY_UISupportedInterfaceOrientations = "UIInterfaceOrientationPortrait UIInterfaceOrientationPortraitUpsideDown";
				INFOPLIST_KEY_WKCompanionAppBundleIdentifier = Minotaur.SpotMultitool2;
				LD_RUNPATH_SEARCH_PATHS = (
					"$(inherited)",
					"@executable_path/Frameworks",
				);
				MARKETING_VERSION = 1.0;
				PRODUCT_BUNDLE_IDENTIFIER = Minotaur.SpotMultitool2.watchkitapp;
				PRODUCT_NAME = "$(TARGET_NAME)";
				SDKROOT = watchos;
				SKIP_INSTALL = YES;
				SWIFT_EMIT_LOC_STRINGS = YES;
				SWIFT_VERSION = 5.0;
				TARGETED_DEVICE_FAMILY = 4;
				VALIDATE_PRODUCT = YES;
				WATCHOS_DEPLOYMENT_TARGET = 10.2;
			};
			name = Release;
		};
		FC622E7F2B5AF5C900367BDD /* Debug */ = {
			isa = XCBuildConfiguration;
			buildSettings = {
				ALWAYS_EMBED_SWIFT_STANDARD_LIBRARIES = YES;
				ASSETCATALOG_COMPILER_APPICON_NAME = AppIcon;
				ASSETCATALOG_COMPILER_GLOBAL_ACCENT_COLOR_NAME = AccentColor;
				CODE_SIGN_STYLE = Automatic;
				CURRENT_PROJECT_VERSION = 1;
				DEVELOPMENT_ASSET_PATHS = "\"SpotMultitool2/Preview Content\"";
				DEVELOPMENT_TEAM = W5Y3B689NM;
				ENABLE_PREVIEWS = YES;
				GENERATE_INFOPLIST_FILE = YES;
				INFOPLIST_KEY_CFBundleDisplayName = SpotMultitool2;
				INFOPLIST_KEY_UIApplicationSceneManifest_Generation = YES;
				INFOPLIST_KEY_UIApplicationSupportsIndirectInputEvents = YES;
				INFOPLIST_KEY_UILaunchScreen_Generation = YES;
				INFOPLIST_KEY_UISupportedInterfaceOrientations_iPad = "UIInterfaceOrientationPortrait UIInterfaceOrientationPortraitUpsideDown UIInterfaceOrientationLandscapeLeft UIInterfaceOrientationLandscapeRight";
				INFOPLIST_KEY_UISupportedInterfaceOrientations_iPhone = "UIInterfaceOrientationPortrait UIInterfaceOrientationLandscapeLeft UIInterfaceOrientationLandscapeRight";
				IPHONEOS_DEPLOYMENT_TARGET = 17.2;
				LD_RUNPATH_SEARCH_PATHS = (
					"$(inherited)",
					"@executable_path/Frameworks",
				);
				MARKETING_VERSION = 1.0;
				PRODUCT_BUNDLE_IDENTIFIER = Minotaur.SpotMultitool2;
				PRODUCT_NAME = "$(TARGET_NAME)";
				SDKROOT = iphoneos;
				SWIFT_EMIT_LOC_STRINGS = YES;
				SWIFT_VERSION = 5.0;
				TARGETED_DEVICE_FAMILY = "1,2";
			};
			name = Debug;
		};
		FC622E802B5AF5C900367BDD /* Release */ = {
			isa = XCBuildConfiguration;
			buildSettings = {
				ALWAYS_EMBED_SWIFT_STANDARD_LIBRARIES = YES;
				ASSETCATALOG_COMPILER_APPICON_NAME = AppIcon;
				ASSETCATALOG_COMPILER_GLOBAL_ACCENT_COLOR_NAME = AccentColor;
				CODE_SIGN_STYLE = Automatic;
				CURRENT_PROJECT_VERSION = 1;
				DEVELOPMENT_ASSET_PATHS = "\"SpotMultitool2/Preview Content\"";
				DEVELOPMENT_TEAM = W5Y3B689NM;
				ENABLE_PREVIEWS = YES;
				GENERATE_INFOPLIST_FILE = YES;
				INFOPLIST_KEY_CFBundleDisplayName = SpotMultitool2;
				INFOPLIST_KEY_UIApplicationSceneManifest_Generation = YES;
				INFOPLIST_KEY_UIApplicationSupportsIndirectInputEvents = YES;
				INFOPLIST_KEY_UILaunchScreen_Generation = YES;
				INFOPLIST_KEY_UISupportedInterfaceOrientations_iPad = "UIInterfaceOrientationPortrait UIInterfaceOrientationPortraitUpsideDown UIInterfaceOrientationLandscapeLeft UIInterfaceOrientationLandscapeRight";
				INFOPLIST_KEY_UISupportedInterfaceOrientations_iPhone = "UIInterfaceOrientationPortrait UIInterfaceOrientationLandscapeLeft UIInterfaceOrientationLandscapeRight";
				IPHONEOS_DEPLOYMENT_TARGET = 17.2;
				LD_RUNPATH_SEARCH_PATHS = (
					"$(inherited)",
					"@executable_path/Frameworks",
				);
				MARKETING_VERSION = 1.0;
				PRODUCT_BUNDLE_IDENTIFIER = Minotaur.SpotMultitool2;
				PRODUCT_NAME = "$(TARGET_NAME)";
				SDKROOT = iphoneos;
				SWIFT_EMIT_LOC_STRINGS = YES;
				SWIFT_VERSION = 5.0;
				TARGETED_DEVICE_FAMILY = "1,2";
				VALIDATE_PRODUCT = YES;
			};
			name = Release;
		};
		FC622E822B5AF5C900367BDD /* Debug */ = {
			isa = XCBuildConfiguration;
			buildSettings = {
				ALWAYS_EMBED_SWIFT_STANDARD_LIBRARIES = YES;
				BUNDLE_LOADER = "$(TEST_HOST)";
				CODE_SIGN_STYLE = Automatic;
				CURRENT_PROJECT_VERSION = 1;
				DEVELOPMENT_TEAM = W5Y3B689NM;
				GENERATE_INFOPLIST_FILE = YES;
				IPHONEOS_DEPLOYMENT_TARGET = 17.2;
				MARKETING_VERSION = 1.0;
				PRODUCT_BUNDLE_IDENTIFIER = Minotaur.SpotMultitool2Tests;
				PRODUCT_NAME = "$(TARGET_NAME)";
				SDKROOT = iphoneos;
				SWIFT_EMIT_LOC_STRINGS = NO;
				SWIFT_VERSION = 5.0;
				TARGETED_DEVICE_FAMILY = "1,2";
				TEST_HOST = "$(BUILT_PRODUCTS_DIR)/SpotMultitool2.app/$(BUNDLE_EXECUTABLE_FOLDER_PATH)/SpotMultitool2";
			};
			name = Debug;
		};
		FC622E832B5AF5C900367BDD /* Release */ = {
			isa = XCBuildConfiguration;
			buildSettings = {
				ALWAYS_EMBED_SWIFT_STANDARD_LIBRARIES = YES;
				BUNDLE_LOADER = "$(TEST_HOST)";
				CODE_SIGN_STYLE = Automatic;
				CURRENT_PROJECT_VERSION = 1;
				DEVELOPMENT_TEAM = W5Y3B689NM;
				GENERATE_INFOPLIST_FILE = YES;
				IPHONEOS_DEPLOYMENT_TARGET = 17.2;
				MARKETING_VERSION = 1.0;
				PRODUCT_BUNDLE_IDENTIFIER = Minotaur.SpotMultitool2Tests;
				PRODUCT_NAME = "$(TARGET_NAME)";
				SDKROOT = iphoneos;
				SWIFT_EMIT_LOC_STRINGS = NO;
				SWIFT_VERSION = 5.0;
				TARGETED_DEVICE_FAMILY = "1,2";
				TEST_HOST = "$(BUILT_PRODUCTS_DIR)/SpotMultitool2.app/$(BUNDLE_EXECUTABLE_FOLDER_PATH)/SpotMultitool2";
				VALIDATE_PRODUCT = YES;
			};
			name = Release;
		};
		FC622E852B5AF5C900367BDD /* Debug */ = {
			isa = XCBuildConfiguration;
			buildSettings = {
				ALWAYS_EMBED_SWIFT_STANDARD_LIBRARIES = YES;
				CODE_SIGN_STYLE = Automatic;
				CURRENT_PROJECT_VERSION = 1;
				DEVELOPMENT_TEAM = W5Y3B689NM;
				GENERATE_INFOPLIST_FILE = YES;
				IPHONEOS_DEPLOYMENT_TARGET = 17.2;
				MARKETING_VERSION = 1.0;
				PRODUCT_BUNDLE_IDENTIFIER = Minotaur.SpotMultitool2UITests;
				PRODUCT_NAME = "$(TARGET_NAME)";
				SDKROOT = iphoneos;
				SWIFT_EMIT_LOC_STRINGS = NO;
				SWIFT_VERSION = 5.0;
				TARGETED_DEVICE_FAMILY = "1,2";
				TEST_TARGET_NAME = SpotMultitool2;
			};
			name = Debug;
		};
		FC622E862B5AF5C900367BDD /* Release */ = {
			isa = XCBuildConfiguration;
			buildSettings = {
				ALWAYS_EMBED_SWIFT_STANDARD_LIBRARIES = YES;
				CODE_SIGN_STYLE = Automatic;
				CURRENT_PROJECT_VERSION = 1;
				DEVELOPMENT_TEAM = W5Y3B689NM;
				GENERATE_INFOPLIST_FILE = YES;
				IPHONEOS_DEPLOYMENT_TARGET = 17.2;
				MARKETING_VERSION = 1.0;
				PRODUCT_BUNDLE_IDENTIFIER = Minotaur.SpotMultitool2UITests;
				PRODUCT_NAME = "$(TARGET_NAME)";
				SDKROOT = iphoneos;
				SWIFT_EMIT_LOC_STRINGS = NO;
				SWIFT_VERSION = 5.0;
				TARGETED_DEVICE_FAMILY = "1,2";
				TEST_TARGET_NAME = SpotMultitool2;
				VALIDATE_PRODUCT = YES;
			};
			name = Release;
		};
		FC622E882B5AF5C900367BDD /* Debug */ = {
			isa = XCBuildConfiguration;
			buildSettings = {
				ALWAYS_EMBED_SWIFT_STANDARD_LIBRARIES = YES;
				BUNDLE_LOADER = "$(TEST_HOST)";
				CODE_SIGN_STYLE = Automatic;
				CURRENT_PROJECT_VERSION = 1;
				DEVELOPMENT_TEAM = W5Y3B689NM;
				GENERATE_INFOPLIST_FILE = YES;
				MARKETING_VERSION = 1.0;
				PRODUCT_BUNDLE_IDENTIFIER = "Minotaur.SpotMultitool2-Watch-AppTests";
				PRODUCT_NAME = "$(TARGET_NAME)";
				SDKROOT = watchos;
				SWIFT_EMIT_LOC_STRINGS = NO;
				SWIFT_VERSION = 5.0;
				TARGETED_DEVICE_FAMILY = 4;
				TEST_HOST = "$(BUILT_PRODUCTS_DIR)/SpotMultitool2 Watch App.app/$(BUNDLE_EXECUTABLE_FOLDER_PATH)/SpotMultitool2 Watch App";
				WATCHOS_DEPLOYMENT_TARGET = 10.2;
			};
			name = Debug;
		};
		FC622E892B5AF5C900367BDD /* Release */ = {
			isa = XCBuildConfiguration;
			buildSettings = {
				ALWAYS_EMBED_SWIFT_STANDARD_LIBRARIES = YES;
				BUNDLE_LOADER = "$(TEST_HOST)";
				CODE_SIGN_STYLE = Automatic;
				CURRENT_PROJECT_VERSION = 1;
				DEVELOPMENT_TEAM = W5Y3B689NM;
				GENERATE_INFOPLIST_FILE = YES;
				MARKETING_VERSION = 1.0;
				PRODUCT_BUNDLE_IDENTIFIER = "Minotaur.SpotMultitool2-Watch-AppTests";
				PRODUCT_NAME = "$(TARGET_NAME)";
				SDKROOT = watchos;
				SWIFT_EMIT_LOC_STRINGS = NO;
				SWIFT_VERSION = 5.0;
				TARGETED_DEVICE_FAMILY = 4;
				TEST_HOST = "$(BUILT_PRODUCTS_DIR)/SpotMultitool2 Watch App.app/$(BUNDLE_EXECUTABLE_FOLDER_PATH)/SpotMultitool2 Watch App";
				VALIDATE_PRODUCT = YES;
				WATCHOS_DEPLOYMENT_TARGET = 10.2;
			};
			name = Release;
		};
		FC622E8B2B5AF5C900367BDD /* Debug */ = {
			isa = XCBuildConfiguration;
			buildSettings = {
				ALWAYS_EMBED_SWIFT_STANDARD_LIBRARIES = YES;
				CODE_SIGN_STYLE = Automatic;
				CURRENT_PROJECT_VERSION = 1;
				DEVELOPMENT_TEAM = W5Y3B689NM;
				GENERATE_INFOPLIST_FILE = YES;
				MARKETING_VERSION = 1.0;
				PRODUCT_BUNDLE_IDENTIFIER = "Minotaur.SpotMultitool2-Watch-AppUITests";
				PRODUCT_NAME = "$(TARGET_NAME)";
				SDKROOT = watchos;
				SWIFT_EMIT_LOC_STRINGS = NO;
				SWIFT_VERSION = 5.0;
				TARGETED_DEVICE_FAMILY = 4;
				TEST_TARGET_NAME = "SpotMultitool2 Watch App";
				WATCHOS_DEPLOYMENT_TARGET = 10.2;
			};
			name = Debug;
		};
		FC622E8C2B5AF5C900367BDD /* Release */ = {
			isa = XCBuildConfiguration;
			buildSettings = {
				ALWAYS_EMBED_SWIFT_STANDARD_LIBRARIES = YES;
				CODE_SIGN_STYLE = Automatic;
				CURRENT_PROJECT_VERSION = 1;
				DEVELOPMENT_TEAM = W5Y3B689NM;
				GENERATE_INFOPLIST_FILE = YES;
				MARKETING_VERSION = 1.0;
				PRODUCT_BUNDLE_IDENTIFIER = "Minotaur.SpotMultitool2-Watch-AppUITests";
				PRODUCT_NAME = "$(TARGET_NAME)";
				SDKROOT = watchos;
				SWIFT_EMIT_LOC_STRINGS = NO;
				SWIFT_VERSION = 5.0;
				TARGETED_DEVICE_FAMILY = 4;
				TEST_TARGET_NAME = "SpotMultitool2 Watch App";
				VALIDATE_PRODUCT = YES;
				WATCHOS_DEPLOYMENT_TARGET = 10.2;
			};
			name = Release;
		};
/* End XCBuildConfiguration section */

/* Begin XCConfigurationList section */
		FC622E292B5AF5C700367BDD /* Build configuration list for PBXProject "SpotMultitool2" */ = {
			isa = XCConfigurationList;
			buildConfigurations = (
				FC622E782B5AF5C900367BDD /* Debug */,
				FC622E792B5AF5C900367BDD /* Release */,
			);
			defaultConfigurationIsVisible = 0;
			defaultConfigurationName = Release;
		};
		FC622E7A2B5AF5C900367BDD /* Build configuration list for PBXNativeTarget "SpotMultitool2 Watch App" */ = {
			isa = XCConfigurationList;
			buildConfigurations = (
				FC622E7B2B5AF5C900367BDD /* Debug */,
				FC622E7C2B5AF5C900367BDD /* Release */,
			);
			defaultConfigurationIsVisible = 0;
			defaultConfigurationName = Release;
		};
		FC622E7E2B5AF5C900367BDD /* Build configuration list for PBXNativeTarget "SpotMultitool2" */ = {
			isa = XCConfigurationList;
			buildConfigurations = (
				FC622E7F2B5AF5C900367BDD /* Debug */,
				FC622E802B5AF5C900367BDD /* Release */,
			);
			defaultConfigurationIsVisible = 0;
			defaultConfigurationName = Release;
		};
		FC622E812B5AF5C900367BDD /* Build configuration list for PBXNativeTarget "SpotMultitool2Tests" */ = {
			isa = XCConfigurationList;
			buildConfigurations = (
				FC622E822B5AF5C900367BDD /* Debug */,
				FC622E832B5AF5C900367BDD /* Release */,
			);
			defaultConfigurationIsVisible = 0;
			defaultConfigurationName = Release;
		};
		FC622E842B5AF5C900367BDD /* Build configuration list for PBXNativeTarget "SpotMultitool2UITests" */ = {
			isa = XCConfigurationList;
			buildConfigurations = (
				FC622E852B5AF5C900367BDD /* Debug */,
				FC622E862B5AF5C900367BDD /* Release */,
			);
			defaultConfigurationIsVisible = 0;
			defaultConfigurationName = Release;
		};
		FC622E872B5AF5C900367BDD /* Build configuration list for PBXNativeTarget "SpotMultitool2 Watch AppTests" */ = {
			isa = XCConfigurationList;
			buildConfigurations = (
				FC622E882B5AF5C900367BDD /* Debug */,
				FC622E892B5AF5C900367BDD /* Release */,
			);
			defaultConfigurationIsVisible = 0;
			defaultConfigurationName = Release;
		};
		FC622E8A2B5AF5C900367BDD /* Build configuration list for PBXNativeTarget "SpotMultitool2 Watch AppUITests" */ = {
			isa = XCConfigurationList;
			buildConfigurations = (
				FC622E8B2B5AF5C900367BDD /* Debug */,
				FC622E8C2B5AF5C900367BDD /* Release */,
			);
			defaultConfigurationIsVisible = 0;
			defaultConfigurationName = Release;
		};
/* End XCConfigurationList section */
	};
	rootObject = FC622E262B5AF5C700367BDD /* Project object */;
}
